
Microsoft Visual Studio Solution File, Format Version 12.00
# Visual Studio Version 17
VisualStudioVersion = 17.11.35303.130
MinimumVisualStudioVersion = 10.0.40219.1
Project("{FAE04EC0-301F-11D3-BF4B-00C04F79EFBC}") = "ToDoListAppMVC", "ToDoListAppMVC.csproj", "{EF16E76A-BFD7-4C10-A9A6-C0C15B0DDA3E}"
EndProject
Global
	GlobalSection(SolutionConfigurationPlatforms) = preSolution
		Debug|Any CPU = Debug|Any CPU
		Release|Any CPU = Release|Any CPU
	EndGlobalSection
	GlobalSection(ProjectConfigurationPlatforms) = postSolution
		{EF16E76A-BFD7-4C10-A9A6-C0C15B0DDA3E}.Debug|Any CPU.ActiveCfg = Debug|Any CPU
		{EF16E76A-BFD7-4C10-A9A6-C0C15B0DDA3E}.Debug|Any CPU.Build.0 = Debug|Any CPU
		{EF16E76A-BFD7-4C10-A9A6-C0C15B0DDA3E}.Release|Any CPU.ActiveCfg = Release|Any CPU
		{EF16E76A-BFD7-4C10-A9A6-C0C15B0DDA3E}.Release|Any CPU.Build.0 = Release|Any CPU
	EndGlobalSection
	GlobalSection(SolutionProperties) = preSolution
		HideSolutionNode = FALSE
	EndGlobalSection
	GlobalSection(ExtensibilityGlobals) = postSolution
		SolutionGuid = {FED7EDE5-CD35-4B93-ACDE-758F64B481EC}
	EndGlobalSection
EndGlobal
